// !$*UTF8*$!
{
	archiveVersion = 1;
	classes = {
	};
	objectVersion = 50;
	objects = {

/* Begin PBXBuildFile section */
		528FC67325F1F52600CC6138 /* AppDelegate.swift in Sources */ = {isa = PBXBuildFile; fileRef = 528FC67225F1F52600CC6138 /* AppDelegate.swift */; };
		528FC67625F1F52600CC6138 /* Renderer.swift in Sources */ = {isa = PBXBuildFile; fileRef = 528FC67525F1F52600CC6138 /* Renderer.swift */; };
		528FC67825F1F52600CC6138 /* GameViewController.swift in Sources */ = {isa = PBXBuildFile; fileRef = 528FC67725F1F52600CC6138 /* GameViewController.swift */; };
		528FC67A25F1F52600CC6138 /* Shaders.metal in Sources */ = {isa = PBXBuildFile; fileRef = 528FC67925F1F52600CC6138 /* Shaders.metal */; };
		528FC67D25F1F52600CC6138 /* Main.storyboard in Resources */ = {isa = PBXBuildFile; fileRef = 528FC67B25F1F52600CC6138 /* Main.storyboard */; };
		528FC67F25F1F52900CC6138 /* Assets.xcassets in Resources */ = {isa = PBXBuildFile; fileRef = 528FC67E25F1F52900CC6138 /* Assets.xcassets */; };
		528FC68A25F1F52A00CC6138 /* Uno_EmpiresTests.swift in Sources */ = {isa = PBXBuildFile; fileRef = 528FC68925F1F52A00CC6138 /* Uno_EmpiresTests.swift */; };
		528FC69525F1F52A00CC6138 /* Uno_EmpiresUITests.swift in Sources */ = {isa = PBXBuildFile; fileRef = 528FC69425F1F52A00CC6138 /* Uno_EmpiresUITests.swift */; };
/* End PBXBuildFile section */

/* Begin PBXContainerItemProxy section */
		528FC68625F1F52A00CC6138 /* PBXContainerItemProxy */ = {
			isa = PBXContainerItemProxy;
			containerPortal = 528FC66725F1F52600CC6138 /* Project object */;
			proxyType = 1;
			remoteGlobalIDString = 528FC66E25F1F52600CC6138;
			remoteInfo = "Uno Empires";
		};
		528FC69125F1F52A00CC6138 /* PBXContainerItemProxy */ = {
			isa = PBXContainerItemProxy;
			containerPortal = 528FC66725F1F52600CC6138 /* Project object */;
			proxyType = 1;
			remoteGlobalIDString = 528FC66E25F1F52600CC6138;
			remoteInfo = "Uno Empires";
		};
/* End PBXContainerItemProxy section */

/* Begin PBXFileReference section */
		528FC66F25F1F52600CC6138 /* Uno Empires.app */ = {isa = PBXFileReference; explicitFileType = wrapper.application; includeInIndex = 0; path = "Uno Empires.app"; sourceTree = BUILT_PRODUCTS_DIR; };
		528FC67225F1F52600CC6138 /* AppDelegate.swift */ = {isa = PBXFileReference; lastKnownFileType = sourcecode.swift; path = AppDelegate.swift; sourceTree = "<group>"; };
		528FC67425F1F52600CC6138 /* ShaderTypes.h */ = {isa = PBXFileReference; lastKnownFileType = sourcecode.c.h; path = ShaderTypes.h; sourceTree = "<group>"; };
		528FC67525F1F52600CC6138 /* Renderer.swift */ = {isa = PBXFileReference; lastKnownFileType = sourcecode.swift; path = Renderer.swift; sourceTree = "<group>"; };
		528FC67725F1F52600CC6138 /* GameViewController.swift */ = {isa = PBXFileReference; lastKnownFileType = sourcecode.swift; path = GameViewController.swift; sourceTree = "<group>"; };
		528FC67925F1F52600CC6138 /* Shaders.metal */ = {isa = PBXFileReference; lastKnownFileType = sourcecode.metal; path = Shaders.metal; sourceTree = "<group>"; };
		528FC67C25F1F52600CC6138 /* Base */ = {isa = PBXFileReference; lastKnownFileType = file.storyboard; name = Base; path = Base.lproj/Main.storyboard; sourceTree = "<group>"; };
		528FC67E25F1F52900CC6138 /* Assets.xcassets */ = {isa = PBXFileReference; lastKnownFileType = folder.assetcatalog; path = Assets.xcassets; sourceTree = "<group>"; };
		528FC68025F1F52900CC6138 /* Info.plist */ = {isa = PBXFileReference; lastKnownFileType = text.plist.xml; path = Info.plist; sourceTree = "<group>"; };
		528FC68525F1F52A00CC6138 /* Uno EmpiresTests.xctest */ = {isa = PBXFileReference; explicitFileType = wrapper.cfbundle; includeInIndex = 0; path = "Uno EmpiresTests.xctest"; sourceTree = BUILT_PRODUCTS_DIR; };
		528FC68925F1F52A00CC6138 /* Uno_EmpiresTests.swift */ = {isa = PBXFileReference; lastKnownFileType = sourcecode.swift; path = Uno_EmpiresTests.swift; sourceTree = "<group>"; };
		528FC68B25F1F52A00CC6138 /* Info.plist */ = {isa = PBXFileReference; lastKnownFileType = text.plist.xml; path = Info.plist; sourceTree = "<group>"; };
		528FC69025F1F52A00CC6138 /* Uno EmpiresUITests.xctest */ = {isa = PBXFileReference; explicitFileType = wrapper.cfbundle; includeInIndex = 0; path = "Uno EmpiresUITests.xctest"; sourceTree = BUILT_PRODUCTS_DIR; };
		528FC69425F1F52A00CC6138 /* Uno_EmpiresUITests.swift */ = {isa = PBXFileReference; lastKnownFileType = sourcecode.swift; path = Uno_EmpiresUITests.swift; sourceTree = "<group>"; };
		528FC69625F1F52A00CC6138 /* Info.plist */ = {isa = PBXFileReference; lastKnownFileType = text.plist.xml; path = Info.plist; sourceTree = "<group>"; };
/* End PBXFileReference section */

/* Begin PBXFrameworksBuildPhase section */
		528FC66C25F1F52600CC6138 /* Frameworks */ = {
			isa = PBXFrameworksBuildPhase;
			buildActionMask = 2147483647;
			files = (
			);
			runOnlyForDeploymentPostprocessing = 0;
		};
		528FC68225F1F52A00CC6138 /* Frameworks */ = {
			isa = PBXFrameworksBuildPhase;
			buildActionMask = 2147483647;
			files = (
			);
			runOnlyForDeploymentPostprocessing = 0;
		};
		528FC68D25F1F52A00CC6138 /* Frameworks */ = {
			isa = PBXFrameworksBuildPhase;
			buildActionMask = 2147483647;
			files = (
			);
			runOnlyForDeploymentPostprocessing = 0;
		};
/* End PBXFrameworksBuildPhase section */

/* Begin PBXGroup section */
		528FC66625F1F52600CC6138 = {
			isa = PBXGroup;
			children = (
				528FC67125F1F52600CC6138 /* Uno Empires */,
				528FC68825F1F52A00CC6138 /* Uno EmpiresTests */,
				528FC69325F1F52A00CC6138 /* Uno EmpiresUITests */,
				528FC67025F1F52600CC6138 /* Products */,
			);
			sourceTree = "<group>";
		};
		528FC67025F1F52600CC6138 /* Products */ = {
			isa = PBXGroup;
			children = (
				528FC66F25F1F52600CC6138 /* Uno Empires.app */,
				528FC68525F1F52A00CC6138 /* Uno EmpiresTests.xctest */,
				528FC69025F1F52A00CC6138 /* Uno EmpiresUITests.xctest */,
			);
			name = Products;
			sourceTree = "<group>";
		};
		528FC67125F1F52600CC6138 /* Uno Empires */ = {
			isa = PBXGroup;
			children = (
				528FC67225F1F52600CC6138 /* AppDelegate.swift */,
				528FC67425F1F52600CC6138 /* ShaderTypes.h */,
				528FC67525F1F52600CC6138 /* Renderer.swift */,
				528FC67725F1F52600CC6138 /* GameViewController.swift */,
				528FC67925F1F52600CC6138 /* Shaders.metal */,
				528FC67B25F1F52600CC6138 /* Main.storyboard */,
				528FC67E25F1F52900CC6138 /* Assets.xcassets */,
				528FC68025F1F52900CC6138 /* Info.plist */,
			);
			path = "Uno Empires";
			sourceTree = "<group>";
		};
		528FC68825F1F52A00CC6138 /* Uno EmpiresTests */ = {
			isa = PBXGroup;
			children = (
				528FC68925F1F52A00CC6138 /* Uno_EmpiresTests.swift */,
				528FC68B25F1F52A00CC6138 /* Info.plist */,
			);
			path = "Uno EmpiresTests";
			sourceTree = "<group>";
		};
		528FC69325F1F52A00CC6138 /* Uno EmpiresUITests */ = {
			isa = PBXGroup;
			children = (
				528FC69425F1F52A00CC6138 /* Uno_EmpiresUITests.swift */,
				528FC69625F1F52A00CC6138 /* Info.plist */,
			);
			path = "Uno EmpiresUITests";
			sourceTree = "<group>";
		};
/* End PBXGroup section */

/* Begin PBXNativeTarget section */
		528FC66E25F1F52600CC6138 /* Uno Empires */ = {
			isa = PBXNativeTarget;
			buildConfigurationList = 528FC69925F1F52A00CC6138 /* Build configuration list for PBXNativeTarget "Uno Empires" */;
			buildPhases = (
				528FC66B25F1F52600CC6138 /* Sources */,
				528FC66C25F1F52600CC6138 /* Frameworks */,
				528FC66D25F1F52600CC6138 /* Resources */,
			);
			buildRules = (
			);
			dependencies = (
			);
			name = "Uno Empires";
			productName = "Uno Empires";
			productReference = 528FC66F25F1F52600CC6138 /* Uno Empires.app */;
			productType = "com.apple.product-type.application";
		};
		528FC68425F1F52A00CC6138 /* Uno EmpiresTests */ = {
			isa = PBXNativeTarget;
			buildConfigurationList = 528FC69C25F1F52A00CC6138 /* Build configuration list for PBXNativeTarget "Uno EmpiresTests" */;
			buildPhases = (
				528FC68125F1F52A00CC6138 /* Sources */,
				528FC68225F1F52A00CC6138 /* Frameworks */,
				528FC68325F1F52A00CC6138 /* Resources */,
			);
			buildRules = (
			);
			dependencies = (
				528FC68725F1F52A00CC6138 /* PBXTargetDependency */,
			);
			name = "Uno EmpiresTests";
			productName = "Uno EmpiresTests";
			productReference = 528FC68525F1F52A00CC6138 /* Uno EmpiresTests.xctest */;
			productType = "com.apple.product-type.bundle.unit-test";
		};
		528FC68F25F1F52A00CC6138 /* Uno EmpiresUITests */ = {
			isa = PBXNativeTarget;
			buildConfigurationList = 528FC69F25F1F52A00CC6138 /* Build configuration list for PBXNativeTarget "Uno EmpiresUITests" */;
			buildPhases = (
				528FC68C25F1F52A00CC6138 /* Sources */,
				528FC68D25F1F52A00CC6138 /* Frameworks */,
				528FC68E25F1F52A00CC6138 /* Resources */,
			);
			buildRules = (
			);
			dependencies = (
				528FC69225F1F52A00CC6138 /* PBXTargetDependency */,
			);
			name = "Uno EmpiresUITests";
			productName = "Uno EmpiresUITests";
			productReference = 528FC69025F1F52A00CC6138 /* Uno EmpiresUITests.xctest */;
			productType = "com.apple.product-type.bundle.ui-testing";
		};
/* End PBXNativeTarget section */

/* Begin PBXProject section */
		528FC66725F1F52600CC6138 /* Project object */ = {
			isa = PBXProject;
			attributes = {
				LastSwiftUpdateCheck = 1240;
				LastUpgradeCheck = 1240;
				TargetAttributes = {
					528FC66E25F1F52600CC6138 = {
						CreatedOnToolsVersion = 12.4;
					};
					528FC68425F1F52A00CC6138 = {
						CreatedOnToolsVersion = 12.4;
						TestTargetID = 528FC66E25F1F52600CC6138;
					};
					528FC68F25F1F52A00CC6138 = {
						CreatedOnToolsVersion = 12.4;
						TestTargetID = 528FC66E25F1F52600CC6138;
					};
				};
			};
			buildConfigurationList = 528FC66A25F1F52600CC6138 /* Build configuration list for PBXProject "Uno Empires" */;
			compatibilityVersion = "Xcode 9.3";
			developmentRegion = en;
			hasScannedForEncodings = 0;
			knownRegions = (
				en,
				Base,
			);
			mainGroup = 528FC66625F1F52600CC6138;
			productRefGroup = 528FC67025F1F52600CC6138 /* Products */;
			projectDirPath = "";
			projectRoot = "";
			targets = (
				528FC66E25F1F52600CC6138 /* Uno Empires */,
				528FC68425F1F52A00CC6138 /* Uno EmpiresTests */,
				528FC68F25F1F52A00CC6138 /* Uno EmpiresUITests */,
			);
		};
/* End PBXProject section */

/* Begin PBXResourcesBuildPhase section */
		528FC66D25F1F52600CC6138 /* Resources */ = {
			isa = PBXResourcesBuildPhase;
			buildActionMask = 2147483647;
			files = (
				528FC67F25F1F52900CC6138 /* Assets.xcassets in Resources */,
				528FC67D25F1F52600CC6138 /* Main.storyboard in Resources */,
			);
			runOnlyForDeploymentPostprocessing = 0;
		};
		528FC68325F1F52A00CC6138 /* Resources */ = {
			isa = PBXResourcesBuildPhase;
			buildActionMask = 2147483647;
			files = (
			);
			runOnlyForDeploymentPostprocessing = 0;
		};
		528FC68E25F1F52A00CC6138 /* Resources */ = {
			isa = PBXResourcesBuildPhase;
			buildActionMask = 2147483647;
			files = (
			);
			runOnlyForDeploymentPostprocessing = 0;
		};
/* End PBXResourcesBuildPhase section */

/* Begin PBXSourcesBuildPhase section */
		528FC66B25F1F52600CC6138 /* Sources */ = {
			isa = PBXSourcesBuildPhase;
			buildActionMask = 2147483647;
			files = (
				528FC67A25F1F52600CC6138 /* Shaders.metal in Sources */,
				528FC67625F1F52600CC6138 /* Renderer.swift in Sources */,
				528FC67825F1F52600CC6138 /* GameViewController.swift in Sources */,
				528FC67325F1F52600CC6138 /* AppDelegate.swift in Sources */,
			);
			runOnlyForDeploymentPostprocessing = 0;
		};
		528FC68125F1F52A00CC6138 /* Sources */ = {
			isa = PBXSourcesBuildPhase;
			buildActionMask = 2147483647;
			files = (
				528FC68A25F1F52A00CC6138 /* Uno_EmpiresTests.swift in Sources */,
			);
			runOnlyForDeploymentPostprocessing = 0;
		};
		528FC68C25F1F52A00CC6138 /* Sources */ = {
			isa = PBXSourcesBuildPhase;
			buildActionMask = 2147483647;
			files = (
				528FC69525F1F52A00CC6138 /* Uno_EmpiresUITests.swift in Sources */,
			);
			runOnlyForDeploymentPostprocessing = 0;
		};
/* End PBXSourcesBuildPhase section */

/* Begin PBXTargetDependency section */
		528FC68725F1F52A00CC6138 /* PBXTargetDependency */ = {
			isa = PBXTargetDependency;
			target = 528FC66E25F1F52600CC6138 /* Uno Empires */;
			targetProxy = 528FC68625F1F52A00CC6138 /* PBXContainerItemProxy */;
		};
		528FC69225F1F52A00CC6138 /* PBXTargetDependency */ = {
			isa = PBXTargetDependency;
			target = 528FC66E25F1F52600CC6138 /* Uno Empires */;
			targetProxy = 528FC69125F1F52A00CC6138 /* PBXContainerItemProxy */;
		};
/* End PBXTargetDependency section */

/* Begin PBXVariantGroup section */
		528FC67B25F1F52600CC6138 /* Main.storyboard */ = {
			isa = PBXVariantGroup;
			children = (
				528FC67C25F1F52600CC6138 /* Base */,
			);
			name = Main.storyboard;
			sourceTree = "<group>";
		};
/* End PBXVariantGroup section */

/* Begin XCBuildConfiguration section */
		528FC69725F1F52A00CC6138 /* Debug */ = {
			isa = XCBuildConfiguration;
			buildSettings = {
				ALWAYS_SEARCH_USER_PATHS = NO;
				CLANG_ANALYZER_NONNULL = YES;
				CLANG_ANALYZER_NUMBER_OBJECT_CONVERSION = YES_AGGRESSIVE;
				CLANG_CXX_LANGUAGE_STANDARD = "gnu++14";
				CLANG_CXX_LIBRARY = "libc++";
				CLANG_ENABLE_MODULES = YES;
				CLANG_ENABLE_OBJC_ARC = YES;
				CLANG_ENABLE_OBJC_WEAK = YES;
				CLANG_WARN_BLOCK_CAPTURE_AUTORELEASING = YES;
				CLANG_WARN_BOOL_CONVERSION = YES;
				CLANG_WARN_COMMA = YES;
				CLANG_WARN_CONSTANT_CONVERSION = YES;
				CLANG_WARN_DEPRECATED_OBJC_IMPLEMENTATIONS = YES;
				CLANG_WARN_DIRECT_OBJC_ISA_USAGE = YES_ERROR;
				CLANG_WARN_DOCUMENTATION_COMMENTS = YES;
				CLANG_WARN_EMPTY_BODY = YES;
				CLANG_WARN_ENUM_CONVERSION = YES;
				CLANG_WARN_INFINITE_RECURSION = YES;
				CLANG_WARN_INT_CONVERSION = YES;
				CLANG_WARN_NON_LITERAL_NULL_CONVERSION = YES;
				CLANG_WARN_OBJC_IMPLICIT_RETAIN_SELF = YES;
				CLANG_WARN_OBJC_LITERAL_CONVERSION = YES;
				CLANG_WARN_OBJC_ROOT_CLASS = YES_ERROR;
				CLANG_WARN_QUOTED_INCLUDE_IN_FRAMEWORK_HEADER = YES;
				CLANG_WARN_RANGE_LOOP_ANALYSIS = YES;
				CLANG_WARN_STRICT_PROTOTYPES = YES;
				CLANG_WARN_SUSPICIOUS_MOVE = YES;
				CLANG_WARN_UNGUARDED_AVAILABILITY = YES_AGGRESSIVE;
				CLANG_WARN_UNREACHABLE_CODE = YES;
				CLANG_WARN__DUPLICATE_METHOD_MATCH = YES;
				COPY_PHASE_STRIP = NO;
				DEBUG_INFORMATION_FORMAT = dwarf;
				ENABLE_STRICT_OBJC_MSGSEND = YES;
				ENABLE_TESTABILITY = YES;
				GCC_C_LANGUAGE_STANDARD = gnu11;
				GCC_DYNAMIC_NO_PIC = NO;
				GCC_NO_COMMON_BLOCKS = YES;
				GCC_OPTIMIZATION_LEVEL = 0;
				GCC_PREPROCESSOR_DEFINITIONS = (
					"DEBUG=1",
					"$(inherited)",
				);
				GCC_WARN_64_TO_32_BIT_CONVERSION = YES;
				GCC_WARN_ABOUT_RETURN_TYPE = YES_ERROR;
				GCC_WARN_UNDECLARED_SELECTOR = YES;
				GCC_WARN_UNINITIALIZED_AUTOS = YES_AGGRESSIVE;
				GCC_WARN_UNUSED_FUNCTION = YES;
				GCC_WARN_UNUSED_VARIABLE = YES;
				IPHONEOS_DEPLOYMENT_TARGET = 14.4;
				MTL_ENABLE_DEBUG_INFO = INCLUDE_SOURCE;
				MTL_FAST_MATH = YES;
				ONLY_ACTIVE_ARCH = YES;
				SDKROOT = iphoneos;
				SWIFT_ACTIVE_COMPILATION_CONDITIONS = DEBUG;
				SWIFT_OPTIMIZATION_LEVEL = "-Onone";
			};
			name = Debug;
		};
		528FC69825F1F52A00CC6138 /* Release */ = {
			isa = XCBuildConfiguration;
			buildSettings = {
				ALWAYS_SEARCH_USER_PATHS = NO;
				CLANG_ANALYZER_NONNULL = YES;
				CLANG_ANALYZER_NUMBER_OBJECT_CONVERSION = YES_AGGRESSIVE;
				CLANG_CXX_LANGUAGE_STANDARD = "gnu++14";
				CLANG_CXX_LIBRARY = "libc++";
				CLANG_ENABLE_MODULES = YES;
				CLANG_ENABLE_OBJC_ARC = YES;
				CLANG_ENABLE_OBJC_WEAK = YES;
				CLANG_WARN_BLOCK_CAPTURE_AUTORELEASING = YES;
				CLANG_WARN_BOOL_CONVERSION = YES;
				CLANG_WARN_COMMA = YES;
				CLANG_WARN_CONSTANT_CONVERSION = YES;
				CLANG_WARN_DEPRECATED_OBJC_IMPLEMENTATIONS = YES;
				CLANG_WARN_DIRECT_OBJC_ISA_USAGE = YES_ERROR;
				CLANG_WARN_DOCUMENTATION_COMMENTS = YES;
				CLANG_WARN_EMPTY_BODY = YES;
				CLANG_WARN_ENUM_CONVERSION = YES;
				CLANG_WARN_INFINITE_RECURSION = YES;
				CLANG_WARN_INT_CONVERSION = YES;
				CLANG_WARN_NON_LITERAL_NULL_CONVERSION = YES;
				CLANG_WARN_OBJC_IMPLICIT_RETAIN_SELF = YES;
				CLANG_WARN_OBJC_LITERAL_CONVERSION = YES;
				CLANG_WARN_OBJC_ROOT_CLASS = YES_ERROR;
				CLANG_WARN_QUOTED_INCLUDE_IN_FRAMEWORK_HEADER = YES;
				CLANG_WARN_RANGE_LOOP_ANALYSIS = YES;
				CLANG_WARN_STRICT_PROTOTYPES = YES;
				CLANG_WARN_SUSPICIOUS_MOVE = YES;
				CLANG_WARN_UNGUARDED_AVAILABILITY = YES_AGGRESSIVE;
				CLANG_WARN_UNREACHABLE_CODE = YES;
				CLANG_WARN__DUPLICATE_METHOD_MATCH = YES;
				COPY_PHASE_STRIP = NO;
				DEBUG_INFORMATION_FORMAT = "dwarf-with-dsym";
				ENABLE_NS_ASSERTIONS = NO;
				ENABLE_STRICT_OBJC_MSGSEND = YES;
				GCC_C_LANGUAGE_STANDARD = gnu11;
				GCC_NO_COMMON_BLOCKS = YES;
				GCC_WARN_64_TO_32_BIT_CONVERSION = YES;
				GCC_WARN_ABOUT_RETURN_TYPE = YES_ERROR;
				GCC_WARN_UNDECLARED_SELECTOR = YES;
				GCC_WARN_UNINITIALIZED_AUTOS = YES_AGGRESSIVE;
				GCC_WARN_UNUSED_FUNCTION = YES;
				GCC_WARN_UNUSED_VARIABLE = YES;
				IPHONEOS_DEPLOYMENT_TARGET = 14.4;
				MTL_ENABLE_DEBUG_INFO = NO;
				MTL_FAST_MATH = YES;
				SDKROOT = iphoneos;
				SWIFT_COMPILATION_MODE = wholemodule;
				SWIFT_OPTIMIZATION_LEVEL = "-O";
				VALIDATE_PRODUCT = YES;
			};
			name = Release;
		};
		528FC69A25F1F52A00CC6138 /* Debug */ = {
			isa = XCBuildConfiguration;
			buildSettings = {
				ASSETCATALOG_COMPILER_APPICON_NAME = AppIcon;
				ASSETCATALOG_COMPILER_GLOBAL_ACCENT_COLOR_NAME = AccentColor;
				CODE_SIGN_STYLE = Automatic;
				DEVELOPMENT_TEAM = SNJW4KBXLV;
				INFOPLIST_FILE = "Uno Empires/Info.plist";
				LD_RUNPATH_SEARCH_PATHS = (
					"$(inherited)",
					"@executable_path/Frameworks",
				);
				PRODUCT_BUNDLE_IDENTIFIER = "com.zippyzen.Uno-Empires";
				PRODUCT_NAME = "$(TARGET_NAME)";
				SWIFT_OBJC_BRIDGING_HEADER = "$(TARGET_NAME)/ShaderTypes.h";
				SWIFT_VERSION = 5.0;
				TARGETED_DEVICE_FAMILY = "1,2";
			};
			name = Debug;
		};
		528FC69B25F1F52A00CC6138 /* Release */ = {
			isa = XCBuildConfiguration;
			buildSettings = {
				ASSETCATALOG_COMPILER_APPICON_NAME = AppIcon;
				ASSETCATALOG_COMPILER_GLOBAL_ACCENT_COLOR_NAME = AccentColor;
				CODE_SIGN_STYLE = Automatic;
				DEVELOPMENT_TEAM = SNJW4KBXLV;
				INFOPLIST_FILE = "Uno Empires/Info.plist";
				LD_RUNPATH_SEARCH_PATHS = (
					"$(inherited)",
					"@executable_path/Frameworks",
				);
				PRODUCT_BUNDLE_IDENTIFIER = "com.zippyzen.Uno-Empires";
				PRODUCT_NAME = "$(TARGET_NAME)";
				SWIFT_OBJC_BRIDGING_HEADER = "$(TARGET_NAME)/ShaderTypes.h";
				SWIFT_VERSION = 5.0;
				TARGETED_DEVICE_FAMILY = "1,2";
			};
			name = Release;
		};
		528FC69D25F1F52A00CC6138 /* Debug */ = {
			isa = XCBuildConfiguration;
			buildSettings = {
				ALWAYS_EMBED_SWIFT_STANDARD_LIBRARIES = YES;
				BUNDLE_LOADER = "$(TEST_HOST)";
				CODE_SIGN_STYLE = Automatic;
				DEVELOPMENT_TEAM = SNJW4KBXLV;
				INFOPLIST_FILE = "Uno EmpiresTests/Info.plist";
				IPHONEOS_DEPLOYMENT_TARGET = 14.4;
				LD_RUNPATH_SEARCH_PATHS = (
					"$(inherited)",
					"@executable_path/Frameworks",
					"@loader_path/Frameworks",
				);
				PRODUCT_BUNDLE_IDENTIFIER = "com.zippyzen.Uno-EmpiresTests";
				PRODUCT_NAME = "$(TARGET_NAME)";
				SWIFT_VERSION = 5.0;
				TARGETED_DEVICE_FAMILY = "1,2";
				TEST_HOST = "$(BUILT_PRODUCTS_DIR)/Uno Empires.app/Uno Empires";
			};
			name = Debug;
		};
		528FC69E25F1F52A00CC6138 /* Release */ = {
			isa = XCBuildConfiguration;
			buildSettings = {
				ALWAYS_EMBED_SWIFT_STANDARD_LIBRARIES = YES;
				BUNDLE_LOADER = "$(TEST_HOST)";
				CODE_SIGN_STYLE = Automatic;
				DEVELOPMENT_TEAM = SNJW4KBXLV;
				INFOPLIST_FILE = "Uno EmpiresTests/Info.plist";
				IPHONEOS_DEPLOYMENT_TARGET = 14.4;
				LD_RUNPATH_SEARCH_PATHS = (
					"$(inherited)",
					"@executable_path/Frameworks",
					"@loader_path/Frameworks",
				);
				PRODUCT_BUNDLE_IDENTIFIER = "com.zippyzen.Uno-EmpiresTests";
				PRODUCT_NAME = "$(TARGET_NAME)";
				SWIFT_VERSION = 5.0;
				TARGETED_DEVICE_FAMILY = "1,2";
				TEST_HOST = "$(BUILT_PRODUCTS_DIR)/Uno Empires.app/Uno Empires";
			};
			name = Release;
		};
		528FC6A025F1F52A00CC6138 /* Debug */ = {
			isa = XCBuildConfiguration;
			buildSettings = {
				ALWAYS_EMBED_SWIFT_STANDARD_LIBRARIES = YES;
				CODE_SIGN_STYLE = Automatic;
				DEVELOPMENT_TEAM = SNJW4KBXLV;
				INFOPLIST_FILE = "Uno EmpiresUITests/Info.plist";
				LD_RUNPATH_SEARCH_PATHS = (
					"$(inherited)",
					"@executable_path/Frameworks",
					"@loader_path/Frameworks",
				);
				PRODUCT_BUNDLE_IDENTIFIER = "com.zippyzen.Uno-EmpiresUITests";
				PRODUCT_NAME = "$(TARGET_NAME)";
				SWIFT_VERSION = 5.0;
				TARGETED_DEVICE_FAMILY = "1,2";
				TEST_TARGET_NAME = "Uno Empires";
			};
			name = Debug;
		};
		528FC6A125F1F52A00CC6138 /* Release */ = {
			isa = XCBuildConfiguration;
			buildSettings = {
				ALWAYS_EMBED_SWIFT_STANDARD_LIBRARIES = YES;
				CODE_SIGN_STYLE = Automatic;
				DEVELOPMENT_TEAM = SNJW4KBXLV;
				INFOPLIST_FILE = "Uno EmpiresUITests/Info.plist";
				LD_RUNPATH_SEARCH_PATHS = (
					"$(inherited)",
					"@executable_path/Frameworks",
					"@loader_path/Frameworks",
				);
				PRODUCT_BUNDLE_IDENTIFIER = "com.zippyzen.Uno-EmpiresUITests";
				PRODUCT_NAME = "$(TARGET_NAME)";
				SWIFT_VERSION = 5.0;
				TARGETED_DEVICE_FAMILY = "1,2";
				TEST_TARGET_NAME = "Uno Empires";
			};
			name = Release;
		};
/* End XCBuildConfiguration section */

/* Begin XCConfigurationList section */
		528FC66A25F1F52600CC6138 /* Build configuration list for PBXProject "Uno Empires" */ = {
			isa = XCConfigurationList;
			buildConfigurations = (
				528FC69725F1F52A00CC6138 /* Debug */,
				528FC69825F1F52A00CC6138 /* Release */,
			);
			defaultConfigurationIsVisible = 0;
			defaultConfigurationName = Release;
		};
		528FC69925F1F52A00CC6138 /* Build configuration list for PBXNativeTarget "Uno Empires" */ = {
			isa = XCConfigurationList;
			buildConfigurations = (
				528FC69A25F1F52A00CC6138 /* Debug */,
				528FC69B25F1F52A00CC6138 /* Release */,
			);
			defaultConfigurationIsVisible = 0;
			defaultConfigurationName = Release;
		};
		528FC69C25F1F52A00CC6138 /* Build configuration list for PBXNativeTarget "Uno EmpiresTests" */ = {
			isa = XCConfigurationList;
			buildConfigurations = (
				528FC69D25F1F52A00CC6138 /* Debug */,
				528FC69E25F1F52A00CC6138 /* Release */,
			);
			defaultConfigurationIsVisible = 0;
			defaultConfigurationName = Release;
		};
		528FC69F25F1F52A00CC6138 /* Build configuration list for PBXNativeTarget "Uno EmpiresUITests" */ = {
			isa = XCConfigurationList;
			buildConfigurations = (
				528FC6A025F1F52A00CC6138 /* Debug */,
				528FC6A125F1F52A00CC6138 /* Release */,
			);
			defaultConfigurationIsVisible = 0;
			defaultConfigurationName = Release;
		};
/* End XCConfigurationList section */
	};
	rootObject = 528FC66725F1F52600CC6138 /* Project object */;
}
